
Microsoft Visual Studio Solution File, Format Version 12.00
# Visual Studio Version 17
VisualStudioVersion = 17.8.34322.80
MinimumVisualStudioVersion = 10.0.40219.1
Project("{9A19103F-16F7-4668-BE54-9A1E7A4F7556}") = "ResumeManagement.Server", "ResumeManagement.Server\ResumeManagement.Server.csproj", "{A7B2A83A-1CFC-46B4-9756-4DC41E7ED943}"
EndProject
Project("{54A90642-561A-4BB1-A94E-469ADEE60C69}") = "resumemanagement.client", "resumemanagement.client\resumemanagement.client.esproj", "{321F980C-9723-401F-959D-5FE1CC3C8363}"
EndProject
Project("{FAE04EC0-301F-11D3-BF4B-00C04F79EFBC}") = "ViewModel", "ViewModel\ViewModel.csproj", "{882EE9CB-CB30-4A92-A2E2-C541535B7DD4}"
EndProject
Project("{FAE04EC0-301F-11D3-BF4B-00C04F79EFBC}") = "WpfView", "WpfView\WpfView.csproj", "{F8913DBF-A2BB-418A-AB5B-84EC496E1DB6}"
EndProject
Project("{FAE04EC0-301F-11D3-BF4B-00C04F79EFBC}") = "Common", "Common\Common.csproj", "{ADC205F4-68F6-439D-8D0B-CC6E61C6A31C}"
EndProject
Global
	GlobalSection(SolutionConfigurationPlatforms) = preSolution
		Debug|Any CPU = Debug|Any CPU
		Release|Any CPU = Release|Any CPU
	EndGlobalSection
	GlobalSection(ProjectConfigurationPlatforms) = postSolution
		{A7B2A83A-1CFC-46B4-9756-4DC41E7ED943}.Debug|Any CPU.ActiveCfg = Debug|Any CPU
		{A7B2A83A-1CFC-46B4-9756-4DC41E7ED943}.Debug|Any CPU.Build.0 = Debug|Any CPU
		{A7B2A83A-1CFC-46B4-9756-4DC41E7ED943}.Release|Any CPU.ActiveCfg = Release|Any CPU
		{A7B2A83A-1CFC-46B4-9756-4DC41E7ED943}.Release|Any CPU.Build.0 = Release|Any CPU
		{321F980C-9723-401F-959D-5FE1CC3C8363}.Debug|Any CPU.ActiveCfg = Debug|Any CPU
		{321F980C-9723-401F-959D-5FE1CC3C8363}.Debug|Any CPU.Build.0 = Debug|Any CPU
		{321F980C-9723-401F-959D-5FE1CC3C8363}.Debug|Any CPU.Deploy.0 = Debug|Any CPU
		{321F980C-9723-401F-959D-5FE1CC3C8363}.Release|Any CPU.ActiveCfg = Release|Any CPU
		{321F980C-9723-401F-959D-5FE1CC3C8363}.Release|Any CPU.Build.0 = Release|Any CPU
		{321F980C-9723-401F-959D-5FE1CC3C8363}.Release|Any CPU.Deploy.0 = Release|Any CPU
		{882EE9CB-CB30-4A92-A2E2-C541535B7DD4}.Debug|Any CPU.ActiveCfg = Debug|Any CPU
		{882EE9CB-CB30-4A92-A2E2-C541535B7DD4}.Debug|Any CPU.Build.0 = Debug|Any CPU
		{882EE9CB-CB30-4A92-A2E2-C541535B7DD4}.Release|Any CPU.ActiveCfg = Release|Any CPU
		{882EE9CB-CB30-4A92-A2E2-C541535B7DD4}.Release|Any CPU.Build.0 = Release|Any CPU
		{F8913DBF-A2BB-418A-AB5B-84EC496E1DB6}.Debug|Any CPU.ActiveCfg = Debug|Any CPU
		{F8913DBF-A2BB-418A-AB5B-84EC496E1DB6}.Debug|Any CPU.Build.0 = Debug|Any CPU
		{F8913DBF-A2BB-418A-AB5B-84EC496E1DB6}.Release|Any CPU.ActiveCfg = Release|Any CPU
		{F8913DBF-A2BB-418A-AB5B-84EC496E1DB6}.Release|Any CPU.Build.0 = Release|Any CPU
		{ADC205F4-68F6-439D-8D0B-CC6E61C6A31C}.Debug|Any CPU.ActiveCfg = Debug|Any CPU
		{ADC205F4-68F6-439D-8D0B-CC6E61C6A31C}.Debug|Any CPU.Build.0 = Debug|Any CPU
		{ADC205F4-68F6-439D-8D0B-CC6E61C6A31C}.Release|Any CPU.ActiveCfg = Release|Any CPU
		{ADC205F4-68F6-439D-8D0B-CC6E61C6A31C}.Release|Any CPU.Build.0 = Release|Any CPU
	EndGlobalSection
	GlobalSection(SolutionProperties) = preSolution
		HideSolutionNode = FALSE
	EndGlobalSection
	GlobalSection(ExtensibilityGlobals) = postSolution
		SolutionGuid = {E85F047B-C811-4015-A09B-33EC3EFB642D}
	EndGlobalSection
EndGlobal
